
Microsoft Visual Studio Solution File, Format Version 12.00
# Visual Studio 15
VisualStudioVersion = 15.0.26228.4
MinimumVisualStudioVersion = 10.0.40219.1
Project("{FAE04EC0-301F-11D3-BF4B-00C04F79EFBC}") = "Pipeline1", "Pipeline1\Pipeline1.csproj", "{7A955478-2E4E-4F77-B2A5-B4A05347E056}"
EndProject
Project("{FAE04EC0-301F-11D3-BF4B-00C04F79EFBC}") = "PipelineConfig", "PipelineConfig\PipelineConfig.csproj", "{2E097597-DC24-48DE-ABC1-D613B23BB51D}"
EndProject
Project("{FAE04EC0-301F-11D3-BF4B-00C04F79EFBC}") = "PipelineStatic", "PipelineStatic\PipelineStatic.csproj", "{C59FEA2F-EC85-41DC-99FB-A99BA35B8ACC}"
EndProject
Project("{FAE04EC0-301F-11D3-BF4B-00C04F79EFBC}") = "PipelineMVC", "PipelineMVC\PipelineMVC.csproj", "{46C28382-881A-43AF-B9C0-E283515B9664}"
EndProject
Global
	GlobalSection(SolutionConfigurationPlatforms) = preSolution
		Debug|Any CPU = Debug|Any CPU
		Release|Any CPU = Release|Any CPU
	EndGlobalSection
	GlobalSection(ProjectConfigurationPlatforms) = postSolution
		{7A955478-2E4E-4F77-B2A5-B4A05347E056}.Debug|Any CPU.ActiveCfg = Debug|Any CPU
		{7A955478-2E4E-4F77-B2A5-B4A05347E056}.Debug|Any CPU.Build.0 = Debug|Any CPU
		{7A955478-2E4E-4F77-B2A5-B4A05347E056}.Release|Any CPU.ActiveCfg = Release|Any CPU
		{7A955478-2E4E-4F77-B2A5-B4A05347E056}.Release|Any CPU.Build.0 = Release|Any CPU
		{2E097597-DC24-48DE-ABC1-D613B23BB51D}.Debug|Any CPU.ActiveCfg = Debug|Any CPU
		{2E097597-DC24-48DE-ABC1-D613B23BB51D}.Debug|Any CPU.Build.0 = Debug|Any CPU
		{2E097597-DC24-48DE-ABC1-D613B23BB51D}.Release|Any CPU.ActiveCfg = Release|Any CPU
		{2E097597-DC24-48DE-ABC1-D613B23BB51D}.Release|Any CPU.Build.0 = Release|Any CPU
		{C59FEA2F-EC85-41DC-99FB-A99BA35B8ACC}.Debug|Any CPU.ActiveCfg = Debug|Any CPU
		{C59FEA2F-EC85-41DC-99FB-A99BA35B8ACC}.Debug|Any CPU.Build.0 = Debug|Any CPU
		{C59FEA2F-EC85-41DC-99FB-A99BA35B8ACC}.Release|Any CPU.ActiveCfg = Release|Any CPU
		{C59FEA2F-EC85-41DC-99FB-A99BA35B8ACC}.Release|Any CPU.Build.0 = Release|Any CPU
		{46C28382-881A-43AF-B9C0-E283515B9664}.Debug|Any CPU.ActiveCfg = Debug|Any CPU
		{46C28382-881A-43AF-B9C0-E283515B9664}.Debug|Any CPU.Build.0 = Debug|Any CPU
		{46C28382-881A-43AF-B9C0-E283515B9664}.Release|Any CPU.ActiveCfg = Release|Any CPU
		{46C28382-881A-43AF-B9C0-E283515B9664}.Release|Any CPU.Build.0 = Release|Any CPU
	EndGlobalSection
	GlobalSection(SolutionProperties) = preSolution
		HideSolutionNode = FALSE
	EndGlobalSection
EndGlobal
